
Microsoft Visual Studio Solution File, Format Version 12.00
# Visual Studio Version 17
VisualStudioVersion = 17.14.36121.58 d17.14
MinimumVisualStudioVersion = 10.0.40219.1
Project("{FAE04EC0-301F-11D3-BF4B-00C04F79EFBC}") = "FoodSystem", "FoodSystem.csproj", "{02B481FE-C556-4B0B-B8FD-D42EE123D916}"
EndProject
Global
	GlobalSection(SolutionConfigurationPlatforms) = preSolution
		Debug|Any CPU = Debug|Any CPU
		Release|Any CPU = Release|Any CPU
	EndGlobalSection
	GlobalSection(ProjectConfigurationPlatforms) = postSolution
		{02B481FE-C556-4B0B-B8FD-D42EE123D916}.Debug|Any CPU.ActiveCfg = Debug|Any CPU
		{02B481FE-C556-4B0B-B8FD-D42EE123D916}.Debug|Any CPU.Build.0 = Debug|Any CPU
		{02B481FE-C556-4B0B-B8FD-D42EE123D916}.Release|Any CPU.ActiveCfg = Release|Any CPU
		{02B481FE-C556-4B0B-B8FD-D42EE123D916}.Release|Any CPU.Build.0 = Release|Any CPU
	EndGlobalSection
	GlobalSection(SolutionProperties) = preSolution
		HideSolutionNode = FALSE
	EndGlobalSection
	GlobalSection(ExtensibilityGlobals) = postSolution
		SolutionGuid = {6384CDD5-C237-4511-81A7-908E8A878A1A}
	EndGlobalSection
EndGlobal
